// !$*UTF8*$!
{
	archiveVersion = 1;
	classes = {
	};
	objectVersion = 50;
	objects = {

/* Begin PBXBuildFile section */
		030F72A524CD41A200AC3593 /* Ask.swift in Sources */ = {isa = PBXBuildFile; fileRef = 030F72A424CD41A200AC3593 /* Ask.swift */; };
		030F72A724CD490900AC3593 /* StyleSheet.swift in Sources */ = {isa = PBXBuildFile; fileRef = 030F72A624CD490900AC3593 /* StyleSheet.swift */; };
		037B3DF424CF024E006841E8 /* RoundStep.swift in Sources */ = {isa = PBXBuildFile; fileRef = 037B3DF324CF024E006841E8 /* RoundStep.swift */; };
		0388AB8724CEC20000E79C66 /* Skill.swift in Sources */ = {isa = PBXBuildFile; fileRef = 0388AB8624CEC20000E79C66 /* Skill.swift */; };
		0388AB8924CEC71D00E79C66 /* LifeStep.swift in Sources */ = {isa = PBXBuildFile; fileRef = 0388AB8824CEC71D00E79C66 /* LifeStep.swift */; };
		0388AB8B24CEC79600E79C66 /* SpecialSkillAvailability.swift in Sources */ = {isa = PBXBuildFile; fileRef = 0388AB8A24CEC79600E79C66 /* SpecialSkillAvailability.swift */; };
		0388AB8D24CED54200E79C66 /* WeaponType.swift in Sources */ = {isa = PBXBuildFile; fileRef = 0388AB8C24CED54200E79C66 /* WeaponType.swift */; };
		03B2329024CC4CCF00794442 /* Statistics.swift in Sources */ = {isa = PBXBuildFile; fileRef = 03B2328F24CC4CCF00794442 /* Statistics.swift */; };
		03C9B64224C86023004A7B76 /* main.swift in Sources */ = {isa = PBXBuildFile; fileRef = 03C9B64124C86023004A7B76 /* main.swift */; };
		03C9B65124C86038004A7B76 /* BACProperties.swift in Sources */ = {isa = PBXBuildFile; fileRef = 03C9B64A24C86037004A7B76 /* BACProperties.swift */; };
		03C9B65224C86038004A7B76 /* Player.swift in Sources */ = {isa = PBXBuildFile; fileRef = 03C9B64B24C86037004A7B76 /* Player.swift */; };
		03C9B65424C86038004A7B76 /* Weapon.swift in Sources */ = {isa = PBXBuildFile; fileRef = 03C9B64D24C86038004A7B76 /* Weapon.swift */; };
		03C9B65524C86038004A7B76 /* Game.swift in Sources */ = {isa = PBXBuildFile; fileRef = 03C9B64E24C86038004A7B76 /* Game.swift */; };
		03E0B91924CEAA4E0001F91C /* CharacterType.swift in Sources */ = {isa = PBXBuildFile; fileRef = 03E0B91824CEAA4E0001F91C /* CharacterType.swift */; };
		03EAEA9E24C87E3D005F26FB /* Round.swift in Sources */ = {isa = PBXBuildFile; fileRef = 03EAEA9B24C87E3C005F26FB /* Round.swift */; };
		03EAEA9F24C87E3D005F26FB /* Character.swift in Sources */ = {isa = PBXBuildFile; fileRef = 03EAEA9C24C87E3C005F26FB /* Character.swift */; };
		03EAEAA024C87E3D005F26FB /* Chest.swift in Sources */ = {isa = PBXBuildFile; fileRef = 03EAEA9D24C87E3D005F26FB /* Chest.swift */; };
/* End PBXBuildFile section */

/* Begin PBXCopyFilesBuildPhase section */
		03C9B63C24C86023004A7B76 /* CopyFiles */ = {
			isa = PBXCopyFilesBuildPhase;
			buildActionMask = 2147483647;
			dstPath = /usr/share/man/man1/;
			dstSubfolderSpec = 0;
			files = (
			);
			runOnlyForDeploymentPostprocessing = 1;
		};
/* End PBXCopyFilesBuildPhase section */

/* Begin PBXFileReference section */
		030F72A424CD41A200AC3593 /* Ask.swift */ = {isa = PBXFileReference; lastKnownFileType = sourcecode.swift; path = Ask.swift; sourceTree = "<group>"; };
		030F72A624CD490900AC3593 /* StyleSheet.swift */ = {isa = PBXFileReference; lastKnownFileType = sourcecode.swift; path = StyleSheet.swift; sourceTree = "<group>"; };
		037B3DF324CF024E006841E8 /* RoundStep.swift */ = {isa = PBXFileReference; lastKnownFileType = sourcecode.swift; path = RoundStep.swift; sourceTree = "<group>"; };
		0388AB8624CEC20000E79C66 /* Skill.swift */ = {isa = PBXFileReference; lastKnownFileType = sourcecode.swift; path = Skill.swift; sourceTree = "<group>"; };
		0388AB8824CEC71D00E79C66 /* LifeStep.swift */ = {isa = PBXFileReference; lastKnownFileType = sourcecode.swift; path = LifeStep.swift; sourceTree = "<group>"; };
		0388AB8A24CEC79600E79C66 /* SpecialSkillAvailability.swift */ = {isa = PBXFileReference; lastKnownFileType = sourcecode.swift; path = SpecialSkillAvailability.swift; sourceTree = "<group>"; };
		0388AB8C24CED54200E79C66 /* WeaponType.swift */ = {isa = PBXFileReference; lastKnownFileType = sourcecode.swift; path = WeaponType.swift; sourceTree = "<group>"; };
		03B2328F24CC4CCF00794442 /* Statistics.swift */ = {isa = PBXFileReference; lastKnownFileType = sourcecode.swift; path = Statistics.swift; sourceTree = "<group>"; };
		03C9B63E24C86023004A7B76 /* P3_01_Xcode */ = {isa = PBXFileReference; explicitFileType = "compiled.mach-o.executable"; includeInIndex = 0; path = P3_01_Xcode; sourceTree = BUILT_PRODUCTS_DIR; };
		03C9B64124C86023004A7B76 /* main.swift */ = {isa = PBXFileReference; lastKnownFileType = sourcecode.swift; path = main.swift; sourceTree = "<group>"; };
		03C9B64A24C86037004A7B76 /* BACProperties.swift */ = {isa = PBXFileReference; fileEncoding = 4; lastKnownFileType = sourcecode.swift; path = BACProperties.swift; sourceTree = "<group>"; };
		03C9B64B24C86037004A7B76 /* Player.swift */ = {isa = PBXFileReference; fileEncoding = 4; lastKnownFileType = sourcecode.swift; path = Player.swift; sourceTree = "<group>"; };
		03C9B64D24C86038004A7B76 /* Weapon.swift */ = {isa = PBXFileReference; fileEncoding = 4; lastKnownFileType = sourcecode.swift; path = Weapon.swift; sourceTree = "<group>"; };
		03C9B64E24C86038004A7B76 /* Game.swift */ = {isa = PBXFileReference; fileEncoding = 4; lastKnownFileType = sourcecode.swift; path = Game.swift; sourceTree = "<group>"; };
		03E0B91824CEAA4E0001F91C /* CharacterType.swift */ = {isa = PBXFileReference; lastKnownFileType = sourcecode.swift; path = CharacterType.swift; sourceTree = "<group>"; };
		03EAEA9B24C87E3C005F26FB /* Round.swift */ = {isa = PBXFileReference; fileEncoding = 4; lastKnownFileType = sourcecode.swift; path = Round.swift; sourceTree = "<group>"; };
		03EAEA9C24C87E3C005F26FB /* Character.swift */ = {isa = PBXFileReference; fileEncoding = 4; lastKnownFileType = sourcecode.swift; path = Character.swift; sourceTree = "<group>"; };
		03EAEA9D24C87E3D005F26FB /* Chest.swift */ = {isa = PBXFileReference; fileEncoding = 4; lastKnownFileType = sourcecode.swift; path = Chest.swift; sourceTree = "<group>"; };
/* End PBXFileReference section */

/* Begin PBXFrameworksBuildPhase section */
		03C9B63B24C86023004A7B76 /* Frameworks */ = {
			isa = PBXFrameworksBuildPhase;
			buildActionMask = 2147483647;
			files = (
			);
			runOnlyForDeploymentPostprocessing = 0;
		};
/* End PBXFrameworksBuildPhase section */

/* Begin PBXGroup section */
		037B3DF524CF0ED6006841E8 /* Player */ = {
			isa = PBXGroup;
			children = (
				03C9B64B24C86037004A7B76 /* Player.swift */,
			);
			path = Player;
			sourceTree = "<group>";
		};
		037B3DF624CF0EE9006841E8 /* Character */ = {
			isa = PBXGroup;
			children = (
				03EAEA9C24C87E3C005F26FB /* Character.swift */,
				03E0B91824CEAA4E0001F91C /* CharacterType.swift */,
				0388AB8824CEC71D00E79C66 /* LifeStep.swift */,
			);
			path = Character;
			sourceTree = "<group>";
		};
		037B3DF724CF0EF0006841E8 /* Skill */ = {
			isa = PBXGroup;
			children = (
				0388AB8624CEC20000E79C66 /* Skill.swift */,
				0388AB8A24CEC79600E79C66 /* SpecialSkillAvailability.swift */,
			);
			path = Skill;
			sourceTree = "<group>";
		};
		037B3DF824CF0EF6006841E8 /* Weapon */ = {
			isa = PBXGroup;
			children = (
				03C9B64D24C86038004A7B76 /* Weapon.swift */,
				0388AB8C24CED54200E79C66 /* WeaponType.swift */,
			);
			path = Weapon;
			sourceTree = "<group>";
		};
		037B3DF924CF0EFA006841E8 /* Round */ = {
			isa = PBXGroup;
			children = (
				03EAEA9B24C87E3C005F26FB /* Round.swift */,
				037B3DF324CF024E006841E8 /* RoundStep.swift */,
			);
			path = Round;
			sourceTree = "<group>";
		};
		037B3DFA24CF0F00006841E8 /* Chest */ = {
			isa = PBXGroup;
			children = (
				03EAEA9D24C87E3D005F26FB /* Chest.swift */,
			);
			path = Chest;
			sourceTree = "<group>";
		};
		037B3DFB24CF0F30006841E8 /* General */ = {
			isa = PBXGroup;
			children = (
				03C9B64A24C86037004A7B76 /* BACProperties.swift */,
				03C9B64124C86023004A7B76 /* main.swift */,
				03C9B64E24C86038004A7B76 /* Game.swift */,
				030F72A424CD41A200AC3593 /* Ask.swift */,
				03B2328F24CC4CCF00794442 /* Statistics.swift */,
				030F72A624CD490900AC3593 /* StyleSheet.swift */,
			);
			path = General;
			sourceTree = "<group>";
		};
		03C9B63524C86023004A7B76 = {
			isa = PBXGroup;
			children = (
				03C9B64024C86023004A7B76 /* P3_01_Xcode */,
				03C9B63F24C86023004A7B76 /* Products */,
			);
			sourceTree = "<group>";
		};
		03C9B63F24C86023004A7B76 /* Products */ = {
			isa = PBXGroup;
			children = (
				03C9B63E24C86023004A7B76 /* P3_01_Xcode */,
			);
			name = Products;
			sourceTree = "<group>";
		};
		03C9B64024C86023004A7B76 /* P3_01_Xcode */ = {
			isa = PBXGroup;
			children = (
				037B3DFB24CF0F30006841E8 /* General */,
				037B3DF524CF0ED6006841E8 /* Player */,
				037B3DF624CF0EE9006841E8 /* Character */,
				037B3DF724CF0EF0006841E8 /* Skill */,
				037B3DF824CF0EF6006841E8 /* Weapon */,
				037B3DF924CF0EFA006841E8 /* Round */,
				037B3DFA24CF0F00006841E8 /* Chest */,
			);
			path = P3_01_Xcode;
			sourceTree = "<group>";
		};
/* End PBXGroup section */

/* Begin PBXNativeTarget section */
		03C9B63D24C86023004A7B76 /* P3_01_Xcode */ = {
			isa = PBXNativeTarget;
			buildConfigurationList = 03C9B64524C86023004A7B76 /* Build configuration list for PBXNativeTarget "P3_01_Xcode" */;
			buildPhases = (
				03C9B63A24C86023004A7B76 /* Sources */,
				03C9B63B24C86023004A7B76 /* Frameworks */,
				03C9B63C24C86023004A7B76 /* CopyFiles */,
			);
			buildRules = (
			);
			dependencies = (
			);
			name = P3_01_Xcode;
			productName = P3_01_Xcode;
			productReference = 03C9B63E24C86023004A7B76 /* P3_01_Xcode */;
			productType = "com.apple.product-type.tool";
		};
/* End PBXNativeTarget section */

/* Begin PBXProject section */
		03C9B63624C86023004A7B76 /* Project object */ = {
			isa = PBXProject;
			attributes = {
				LastSwiftUpdateCheck = 1150;
				LastUpgradeCheck = 1150;
				ORGANIZATIONNAME = bb;
				TargetAttributes = {
					03C9B63D24C86023004A7B76 = {
						CreatedOnToolsVersion = 11.5;
					};
				};
			};
			buildConfigurationList = 03C9B63924C86023004A7B76 /* Build configuration list for PBXProject "P3_01_Xcode" */;
			compatibilityVersion = "Xcode 9.3";
			developmentRegion = en;
			hasScannedForEncodings = 0;
			knownRegions = (
				en,
				Base,
			);
			mainGroup = 03C9B63524C86023004A7B76;
			productRefGroup = 03C9B63F24C86023004A7B76 /* Products */;
			projectDirPath = "";
			projectRoot = "";
			targets = (
				03C9B63D24C86023004A7B76 /* P3_01_Xcode */,
			);
		};
/* End PBXProject section */

/* Begin PBXSourcesBuildPhase section */
		03C9B63A24C86023004A7B76 /* Sources */ = {
			isa = PBXSourcesBuildPhase;
			buildActionMask = 2147483647;
			files = (
				03C9B64224C86023004A7B76 /* main.swift in Sources */,
				03B2329024CC4CCF00794442 /* Statistics.swift in Sources */,
				03C9B65124C86038004A7B76 /* BACProperties.swift in Sources */,
				0388AB8924CEC71D00E79C66 /* LifeStep.swift in Sources */,
				037B3DF424CF024E006841E8 /* RoundStep.swift in Sources */,
				03EAEA9F24C87E3D005F26FB /* Character.swift in Sources */,
				03C9B65424C86038004A7B76 /* Weapon.swift in Sources */,
				0388AB8724CEC20000E79C66 /* Skill.swift in Sources */,
				0388AB8D24CED54200E79C66 /* WeaponType.swift in Sources */,
				03E0B91924CEAA4E0001F91C /* CharacterType.swift in Sources */,
				03C9B65224C86038004A7B76 /* Player.swift in Sources */,
				03EAEAA024C87E3D005F26FB /* Chest.swift in Sources */,
				030F72A724CD490900AC3593 /* StyleSheet.swift in Sources */,
				030F72A524CD41A200AC3593 /* Ask.swift in Sources */,
				0388AB8B24CEC79600E79C66 /* SpecialSkillAvailability.swift in Sources */,
				03EAEA9E24C87E3D005F26FB /* Round.swift in Sources */,
				03C9B65524C86038004A7B76 /* Game.swift in Sources */,
			);
			runOnlyForDeploymentPostprocessing = 0;
		};
/* End PBXSourcesBuildPhase section */

/* Begin XCBuildConfiguration section */
		03C9B64324C86023004A7B76 /* Debug */ = {
			isa = XCBuildConfiguration;
			buildSettings = {
				ALWAYS_SEARCH_USER_PATHS = NO;
				CLANG_ANALYZER_NONNULL = YES;
				CLANG_ANALYZER_NUMBER_OBJECT_CONVERSION = YES_AGGRESSIVE;
				CLANG_CXX_LANGUAGE_STANDARD = "gnu++14";
				CLANG_CXX_LIBRARY = "libc++";
				CLANG_ENABLE_MODULES = YES;
				CLANG_ENABLE_OBJC_ARC = YES;
				CLANG_ENABLE_OBJC_WEAK = YES;
				CLANG_WARN_BLOCK_CAPTURE_AUTORELEASING = YES;
				CLANG_WARN_BOOL_CONVERSION = YES;
				CLANG_WARN_COMMA = YES;
				CLANG_WARN_CONSTANT_CONVERSION = YES;
				CLANG_WARN_DEPRECATED_OBJC_IMPLEMENTATIONS = YES;
				CLANG_WARN_DIRECT_OBJC_ISA_USAGE = YES_ERROR;
				CLANG_WARN_DOCUMENTATION_COMMENTS = YES;
				CLANG_WARN_EMPTY_BODY = YES;
				CLANG_WARN_ENUM_CONVERSION = YES;
				CLANG_WARN_INFINITE_RECURSION = YES;
				CLANG_WARN_INT_CONVERSION = YES;
				CLANG_WARN_NON_LITERAL_NULL_CONVERSION = YES;
				CLANG_WARN_OBJC_IMPLICIT_RETAIN_SELF = YES;
				CLANG_WARN_OBJC_LITERAL_CONVERSION = YES;
				CLANG_WARN_OBJC_ROOT_CLASS = YES_ERROR;
				CLANG_WARN_RANGE_LOOP_ANALYSIS = YES;
				CLANG_WARN_STRICT_PROTOTYPES = YES;
				CLANG_WARN_SUSPICIOUS_MOVE = YES;
				CLANG_WARN_UNGUARDED_AVAILABILITY = YES_AGGRESSIVE;
				CLANG_WARN_UNREACHABLE_CODE = YES;
				CLANG_WARN__DUPLICATE_METHOD_MATCH = YES;
				COPY_PHASE_STRIP = NO;
				DEBUG_INFORMATION_FORMAT = dwarf;
				ENABLE_STRICT_OBJC_MSGSEND = YES;
				ENABLE_TESTABILITY = YES;
				GCC_C_LANGUAGE_STANDARD = gnu11;
				GCC_DYNAMIC_NO_PIC = NO;
				GCC_NO_COMMON_BLOCKS = YES;
				GCC_OPTIMIZATION_LEVEL = 0;
				GCC_PREPROCESSOR_DEFINITIONS = (
					"DEBUG=1",
					"$(inherited)",
				);
				GCC_WARN_64_TO_32_BIT_CONVERSION = YES;
				GCC_WARN_ABOUT_RETURN_TYPE = YES_ERROR;
				GCC_WARN_UNDECLARED_SELECTOR = YES;
				GCC_WARN_UNINITIALIZED_AUTOS = YES_AGGRESSIVE;
				GCC_WARN_UNUSED_FUNCTION = YES;
				GCC_WARN_UNUSED_VARIABLE = YES;
				MACOSX_DEPLOYMENT_TARGET = 10.15;
				MTL_ENABLE_DEBUG_INFO = INCLUDE_SOURCE;
				MTL_FAST_MATH = YES;
				ONLY_ACTIVE_ARCH = YES;
				SDKROOT = macosx;
				SWIFT_ACTIVE_COMPILATION_CONDITIONS = DEBUG;
				SWIFT_OPTIMIZATION_LEVEL = "-Onone";
			};
			name = Debug;
		};
		03C9B64424C86023004A7B76 /* Release */ = {
			isa = XCBuildConfiguration;
			buildSettings = {
				ALWAYS_SEARCH_USER_PATHS = NO;
				CLANG_ANALYZER_NONNULL = YES;
				CLANG_ANALYZER_NUMBER_OBJECT_CONVERSION = YES_AGGRESSIVE;
				CLANG_CXX_LANGUAGE_STANDARD = "gnu++14";
				CLANG_CXX_LIBRARY = "libc++";
				CLANG_ENABLE_MODULES = YES;
				CLANG_ENABLE_OBJC_ARC = YES;
				CLANG_ENABLE_OBJC_WEAK = YES;
				CLANG_WARN_BLOCK_CAPTURE_AUTORELEASING = YES;
				CLANG_WARN_BOOL_CONVERSION = YES;
				CLANG_WARN_COMMA = YES;
				CLANG_WARN_CONSTANT_CONVERSION = YES;
				CLANG_WARN_DEPRECATED_OBJC_IMPLEMENTATIONS = YES;
				CLANG_WARN_DIRECT_OBJC_ISA_USAGE = YES_ERROR;
				CLANG_WARN_DOCUMENTATION_COMMENTS = YES;
				CLANG_WARN_EMPTY_BODY = YES;
				CLANG_WARN_ENUM_CONVERSION = YES;
				CLANG_WARN_INFINITE_RECURSION = YES;
				CLANG_WARN_INT_CONVERSION = YES;
				CLANG_WARN_NON_LITERAL_NULL_CONVERSION = YES;
				CLANG_WARN_OBJC_IMPLICIT_RETAIN_SELF = YES;
				CLANG_WARN_OBJC_LITERAL_CONVERSION = YES;
				CLANG_WARN_OBJC_ROOT_CLASS = YES_ERROR;
				CLANG_WARN_RANGE_LOOP_ANALYSIS = YES;
				CLANG_WARN_STRICT_PROTOTYPES = YES;
				CLANG_WARN_SUSPICIOUS_MOVE = YES;
				CLANG_WARN_UNGUARDED_AVAILABILITY = YES_AGGRESSIVE;
				CLANG_WARN_UNREACHABLE_CODE = YES;
				CLANG_WARN__DUPLICATE_METHOD_MATCH = YES;
				COPY_PHASE_STRIP = NO;
				DEBUG_INFORMATION_FORMAT = "dwarf-with-dsym";
				ENABLE_NS_ASSERTIONS = NO;
				ENABLE_STRICT_OBJC_MSGSEND = YES;
				GCC_C_LANGUAGE_STANDARD = gnu11;
				GCC_NO_COMMON_BLOCKS = YES;
				GCC_WARN_64_TO_32_BIT_CONVERSION = YES;
				GCC_WARN_ABOUT_RETURN_TYPE = YES_ERROR;
				GCC_WARN_UNDECLARED_SELECTOR = YES;
				GCC_WARN_UNINITIALIZED_AUTOS = YES_AGGRESSIVE;
				GCC_WARN_UNUSED_FUNCTION = YES;
				GCC_WARN_UNUSED_VARIABLE = YES;
				MACOSX_DEPLOYMENT_TARGET = 10.15;
				MTL_ENABLE_DEBUG_INFO = NO;
				MTL_FAST_MATH = YES;
				SDKROOT = macosx;
				SWIFT_COMPILATION_MODE = wholemodule;
				SWIFT_OPTIMIZATION_LEVEL = "-O";
			};
			name = Release;
		};
		03C9B64624C86023004A7B76 /* Debug */ = {
			isa = XCBuildConfiguration;
			buildSettings = {
				CODE_SIGN_STYLE = Automatic;
				DEVELOPMENT_TEAM = XF9Z2VTWR3;
				ENABLE_HARDENED_RUNTIME = YES;
				PRODUCT_NAME = "$(TARGET_NAME)";
				SWIFT_VERSION = 5.0;
			};
			name = Debug;
		};
		03C9B64724C86023004A7B76 /* Release */ = {
			isa = XCBuildConfiguration;
			buildSettings = {
				CODE_SIGN_STYLE = Automatic;
				DEVELOPMENT_TEAM = XF9Z2VTWR3;
				ENABLE_HARDENED_RUNTIME = YES;
				PRODUCT_NAME = "$(TARGET_NAME)";
				SWIFT_VERSION = 5.0;
			};
			name = Release;
		};
/* End XCBuildConfiguration section */

/* Begin XCConfigurationList section */
		03C9B63924C86023004A7B76 /* Build configuration list for PBXProject "P3_01_Xcode" */ = {
			isa = XCConfigurationList;
			buildConfigurations = (
				03C9B64324C86023004A7B76 /* Debug */,
				03C9B64424C86023004A7B76 /* Release */,
			);
			defaultConfigurationIsVisible = 0;
			defaultConfigurationName = Release;
		};
		03C9B64524C86023004A7B76 /* Build configuration list for PBXNativeTarget "P3_01_Xcode" */ = {
			isa = XCConfigurationList;
			buildConfigurations = (
				03C9B64624C86023004A7B76 /* Debug */,
				03C9B64724C86023004A7B76 /* Release */,
			);
			defaultConfigurationIsVisible = 0;
			defaultConfigurationName = Release;
		};
/* End XCConfigurationList section */
	};
	rootObject = 03C9B63624C86023004A7B76 /* Project object */;
}
